{
  "name": "@cathodique/wl-serv-low",
  "version": "1.0.0",
  "lockfileVersion": 3,
  "requires": true,
  "packages": {
    "": {
      "name": "@cathodique/wl-serv-low",
      "version": "1.0.0",
      "license": "MIT",
      "dependencies": {
        "@cathodique/usocket": "file:../usocket",
        "fast-fifo": "^1.3.2",
        "xml-parser": "^1.2.1"
      },
      "devDependencies": {
        "@types/fast-fifo": "^1.3.0",
        "@types/node": "^24.3.0",
        "@types/xml-parser": "^1.2.33",
        "typescript": "^5.9.2"
      }
    },
    "../usocket": {
      "name": "@cathodique/usocket",
      "version": "1.0.6",
      "hasInstallScript": true,
      "license": "ISC",
      "dependencies": {
        "bindings": "^1.5.0",
        "debug": "^4.3.4",
        "nan": "^2.23.0",
        "node-gyp": "^11.3.0"
      },
      "devDependencies": {
        "@types/debug": "^4.1.12",
        "@types/node": "^22.10.2",
        "mocha": "^9.2.2",
        "typescript": "^5.7.2"
      }
    },
    "node_modules/@cathodique/usocket": {
      "resolved": "../usocket",
      "link": true
    },
    "node_modules/@types/fast-fifo": {
      "version": "1.3.0",
      "resolved": "https://registry.npmjs.org/@types/fast-fifo/-/fast-fifo-1.3.0.tgz",
      "integrity": "sha512-xTVvla2QX5ruNmVUqCFc++xm42xl6RBaroppSleSczvM2rAwClr88MbnrgDGLIStt4RCVegeKO4z2HM5AHFOng==",
      "dev": true,
      "license": "MIT"
    },
    "node_modules/@types/node": {
      "version": "24.3.0",
      "resolved": "https://registry.npmjs.org/@types/node/-/node-24.3.0.tgz",
      "integrity": "sha512-aPTXCrfwnDLj4VvXrm+UUCQjNEvJgNA8s5F1cvwQU+3KNltTOkBm1j30uNLyqqPNe7gE3KFzImYoZEfLhp4Yow==",
      "dev": true,
      "license": "MIT",
      "dependencies": {
        "undici-types": "~7.10.0"
      }
    },
    "node_modules/@types/xml-parser": {
      "version": "1.2.33",
      "resolved": "https://registry.npmjs.org/@types/xml-parser/-/xml-parser-1.2.33.tgz",
      "integrity": "sha512-ICBLYmorgU+X9Q0hKUQe7OBlr9INYO8bEcl2ynqRf528Ct2b9EEoECPZtBB/cqHFaP6T/lDM0ckWcLvN0K/okw==",
      "dev": true,
      "license": "MIT"
    },
    "node_modules/debug": {
      "version": "2.6.9",
      "resolved": "https://registry.npmjs.org/debug/-/debug-2.6.9.tgz",
      "integrity": "sha512-bC7ElrdJaJnPbAP+1EotYvqZsb3ecl5wi6Bfi6BJTUcNowp6cvspg0jXznRTKDjm/E7AdgFBVeAPVMNcKGsHMA==",
      "license": "MIT",
      "dependencies": {
        "ms": "2.0.0"
      }
    },
    "node_modules/fast-fifo": {
      "version": "1.3.2",
      "resolved": "https://registry.npmjs.org/fast-fifo/-/fast-fifo-1.3.2.tgz",
      "integrity": "sha512-/d9sfos4yxzpwkDkuN7k2SqFKtYNmCTzgfEpz82x34IM9/zc8KGxQoXg1liNC/izpRM/MBdt44Nmx41ZWqk+FQ==",
      "license": "MIT"
    },
    "node_modules/ms": {
      "version": "2.0.0",
      "resolved": "https://registry.npmjs.org/ms/-/ms-2.0.0.tgz",
      "integrity": "sha512-Tpp60P6IUJDTuOq/5Z8cdskzJujfwqfOTkrwIwj7IRISpnkJnT6SyJ4PCPnGMoFjC9ddhal5KVIYtAt97ix05A==",
      "license": "MIT"
    },
    "node_modules/typescript": {
      "version": "5.9.2",
      "resolved": "https://registry.npmjs.org/typescript/-/typescript-5.9.2.tgz",
      "integrity": "sha512-CWBzXQrc/qOkhidw1OzBTQuYRbfyxDXJMVJ1XNwUHGROVmuaeiEm3OslpZ1RV96d7SKKjZKrSJu3+t/xlw3R9A==",
      "dev": true,
      "license": "Apache-2.0",
      "bin": {
        "tsc": "bin/tsc",
        "tsserver": "bin/tsserver"
      },
      "engines": {
        "node": ">=14.17"
      }
    },
    "node_modules/undici-types": {
      "version": "7.10.0",
      "resolved": "https://registry.npmjs.org/undici-types/-/undici-types-7.10.0.tgz",
      "integrity": "sha512-t5Fy/nfn+14LuOc2KNYg75vZqClpAiqscVvMygNnlsHBFpSXdJaYtXMcdNLpl/Qvc3P2cB3s6lOV51nqsFq4ag==",
      "dev": true,
      "license": "MIT"
    },
    "node_modules/xml-parser": {
      "version": "1.2.1",
      "resolved": "https://registry.npmjs.org/xml-parser/-/xml-parser-1.2.1.tgz",
      "integrity": "sha512-lPUzzmS0zdwcNtyNndCl2IwH172ozkUDqmfmH3FcuDzHVl552Kr6oNfsvteHabqTWhsrMgpijqZ/yT7Wo1/Pzw==",
      "license": "MIT",
      "dependencies": {
        "debug": "^2.2.0"
      }
    }
  }
}
